// !$*UTF8*$!
{
	archiveVersion = 1;
	classes = {
	};
	objectVersion = 56;
	objects = {

/* Begin PBXBuildFile section */
		8214706A2A7A6D6E001D4F03 /* AppDelegate.swift in Sources */ = {isa = PBXBuildFile; fileRef = 821470692A7A6D6E001D4F03 /* AppDelegate.swift */; };
		8214706C2A7A6D6E001D4F03 /* SceneDelegate.swift in Sources */ = {isa = PBXBuildFile; fileRef = 8214706B2A7A6D6E001D4F03 /* SceneDelegate.swift */; };
		8214706E2A7A6D6E001D4F03 /* ViewController.swift in Sources */ = {isa = PBXBuildFile; fileRef = 8214706D2A7A6D6E001D4F03 /* ViewController.swift */; };
		821470712A7A6D6E001D4F03 /* Main.storyboard in Resources */ = {isa = PBXBuildFile; fileRef = 8214706F2A7A6D6E001D4F03 /* Main.storyboard */; };
		821470742A7A6D6E001D4F03 /* Learn_and_Practice_Japanese.xcdatamodeld in Sources */ = {isa = PBXBuildFile; fileRef = 821470722A7A6D6E001D4F03 /* Learn_and_Practice_Japanese.xcdatamodeld */; };
		821470762A7A6D6F001D4F03 /* Assets.xcassets in Resources */ = {isa = PBXBuildFile; fileRef = 821470752A7A6D6F001D4F03 /* Assets.xcassets */; };
		821470792A7A6D6F001D4F03 /* LaunchScreen.storyboard in Resources */ = {isa = PBXBuildFile; fileRef = 821470772A7A6D6F001D4F03 /* LaunchScreen.storyboard */; };
/* End PBXBuildFile section */

/* Begin PBXFileReference section */
		821470662A7A6D6E001D4F03 /* Learn and Practice Japanese.app */ = {isa = PBXFileReference; explicitFileType = wrapper.application; includeInIndex = 0; path = "Learn and Practice Japanese.app"; sourceTree = BUILT_PRODUCTS_DIR; };
		821470692A7A6D6E001D4F03 /* AppDelegate.swift */ = {isa = PBXFileReference; lastKnownFileType = sourcecode.swift; path = AppDelegate.swift; sourceTree = "<group>"; };
		8214706B2A7A6D6E001D4F03 /* SceneDelegate.swift */ = {isa = PBXFileReference; lastKnownFileType = sourcecode.swift; path = SceneDelegate.swift; sourceTree = "<group>"; };
		8214706D2A7A6D6E001D4F03 /* ViewController.swift */ = {isa = PBXFileReference; lastKnownFileType = sourcecode.swift; path = ViewController.swift; sourceTree = "<group>"; };
		821470702A7A6D6E001D4F03 /* Base */ = {isa = PBXFileReference; lastKnownFileType = file.storyboard; name = Base; path = Base.lproj/Main.storyboard; sourceTree = "<group>"; };
		821470732A7A6D6E001D4F03 /* Learn_and_Practice_Japanese.xcdatamodel */ = {isa = PBXFileReference; lastKnownFileType = wrapper.xcdatamodel; path = Learn_and_Practice_Japanese.xcdatamodel; sourceTree = "<group>"; };
		821470752A7A6D6F001D4F03 /* Assets.xcassets */ = {isa = PBXFileReference; lastKnownFileType = folder.assetcatalog; path = Assets.xcassets; sourceTree = "<group>"; };
		821470782A7A6D6F001D4F03 /* Base */ = {isa = PBXFileReference; lastKnownFileType = file.storyboard; name = Base; path = Base.lproj/LaunchScreen.storyboard; sourceTree = "<group>"; };
		8214707A2A7A6D6F001D4F03 /* Info.plist */ = {isa = PBXFileReference; lastKnownFileType = text.plist.xml; path = Info.plist; sourceTree = "<group>"; };
/* End PBXFileReference section */

/* Begin PBXFrameworksBuildPhase section */
		821470632A7A6D6E001D4F03 /* Frameworks */ = {
			isa = PBXFrameworksBuildPhase;
			buildActionMask = 2147483647;
			files = (
			);
			runOnlyForDeploymentPostprocessing = 0;
		};
/* End PBXFrameworksBuildPhase section */

/* Begin PBXGroup section */
		8214705D2A7A6D6E001D4F03 = {
			isa = PBXGroup;
			children = (
				821470682A7A6D6E001D4F03 /* Learn and Practice Japanese */,
				821470672A7A6D6E001D4F03 /* Products */,
			);
			sourceTree = "<group>";
		};
		821470672A7A6D6E001D4F03 /* Products */ = {
			isa = PBXGroup;
			children = (
				821470662A7A6D6E001D4F03 /* Learn and Practice Japanese.app */,
			);
			name = Products;
			sourceTree = "<group>";
		};
		821470682A7A6D6E001D4F03 /* Learn and Practice Japanese */ = {
			isa = PBXGroup;
			children = (
				821470692A7A6D6E001D4F03 /* AppDelegate.swift */,
				8214706B2A7A6D6E001D4F03 /* SceneDelegate.swift */,
				8214706D2A7A6D6E001D4F03 /* ViewController.swift */,
				8214706F2A7A6D6E001D4F03 /* Main.storyboard */,
				821470752A7A6D6F001D4F03 /* Assets.xcassets */,
				821470772A7A6D6F001D4F03 /* LaunchScreen.storyboard */,
				8214707A2A7A6D6F001D4F03 /* Info.plist */,
				821470722A7A6D6E001D4F03 /* Learn_and_Practice_Japanese.xcdatamodeld */,
			);
			path = "Learn and Practice Japanese";
			sourceTree = "<group>";
		};
/* End PBXGroup section */

/* Begin PBXNativeTarget section */
		821470652A7A6D6E001D4F03 /* Learn and Practice Japanese */ = {
			isa = PBXNativeTarget;
			buildConfigurationList = 8214707D2A7A6D6F001D4F03 /* Build configuration list for PBXNativeTarget "Learn and Practice Japanese" */;
			buildPhases = (
				821470622A7A6D6E001D4F03 /* Sources */,
				821470632A7A6D6E001D4F03 /* Frameworks */,
				821470642A7A6D6E001D4F03 /* Resources */,
			);
			buildRules = (
			);
			dependencies = (
			);
			name = "Learn and Practice Japanese";
			productName = "Learn and Practice Japanese";
			productReference = 821470662A7A6D6E001D4F03 /* Learn and Practice Japanese.app */;
			productType = "com.apple.product-type.application";
		};
/* End PBXNativeTarget section */

/* Begin PBXProject section */
		8214705E2A7A6D6E001D4F03 /* Project object */ = {
			isa = PBXProject;
			attributes = {
				BuildIndependentTargetsInParallel = 1;
				LastSwiftUpdateCheck = 1430;
				LastUpgradeCheck = 1430;
				TargetAttributes = {
					821470652A7A6D6E001D4F03 = {
						CreatedOnToolsVersion = 14.3.1;
					};
				};
			};
			buildConfigurationList = 821470612A7A6D6E001D4F03 /* Build configuration list for PBXProject "Learn and Practice Japanese" */;
			compatibilityVersion = "Xcode 14.0";
			developmentRegion = en;
			hasScannedForEncodings = 0;
			knownRegions = (
				en,
				Base,
			);
			mainGroup = 8214705D2A7A6D6E001D4F03;
			productRefGroup = 821470672A7A6D6E001D4F03 /* Products */;
			projectDirPath = "";
			projectRoot = "";
			targets = (
				821470652A7A6D6E001D4F03 /* Learn and Practice Japanese */,
			);
		};
/* End PBXProject section */

/* Begin PBXResourcesBuildPhase section */
		821470642A7A6D6E001D4F03 /* Resources */ = {
			isa = PBXResourcesBuildPhase;
			buildActionMask = 2147483647;
			files = (
				821470792A7A6D6F001D4F03 /* LaunchScreen.storyboard in Resources */,
				821470762A7A6D6F001D4F03 /* Assets.xcassets in Resources */,
				821470712A7A6D6E001D4F03 /* Main.storyboard in Resources */,
			);
			runOnlyForDeploymentPostprocessing = 0;
		};
/* End PBXResourcesBuildPhase section */

/* Begin PBXSourcesBuildPhase section */
		821470622A7A6D6E001D4F03 /* Sources */ = {
			isa = PBXSourcesBuildPhase;
			buildActionMask = 2147483647;
			files = (
				821470742A7A6D6E001D4F03 /* Learn_and_Practice_Japanese.xcdatamodeld in Sources */,
				8214706E2A7A6D6E001D4F03 /* ViewController.swift in Sources */,
				8214706A2A7A6D6E001D4F03 /* AppDelegate.swift in Sources */,
				8214706C2A7A6D6E001D4F03 /* SceneDelegate.swift in Sources */,
			);
			runOnlyForDeploymentPostprocessing = 0;
		};
/* End PBXSourcesBuildPhase section */

/* Begin PBXVariantGroup section */
		8214706F2A7A6D6E001D4F03 /* Main.storyboard */ = {
			isa = PBXVariantGroup;
			children = (
				821470702A7A6D6E001D4F03 /* Base */,
			);
			name = Main.storyboard;
			sourceTree = "<group>";
		};
		821470772A7A6D6F001D4F03 /* LaunchScreen.storyboard */ = {
			isa = PBXVariantGroup;
			children = (
				821470782A7A6D6F001D4F03 /* Base */,
			);
			name = LaunchScreen.storyboard;
			sourceTree = "<group>";
		};
/* End PBXVariantGroup section */

/* Begin XCBuildConfiguration section */
		8214707B2A7A6D6F001D4F03 /* Debug */ = {
			isa = XCBuildConfiguration;
			buildSettings = {
				ALWAYS_SEARCH_USER_PATHS = NO;
				CLANG_ANALYZER_NONNULL = YES;
				CLANG_ANALYZER_NUMBER_OBJECT_CONVERSION = YES_AGGRESSIVE;
				CLANG_CXX_LANGUAGE_STANDARD = "gnu++20";
				CLANG_ENABLE_MODULES = YES;
				CLANG_ENABLE_OBJC_ARC = YES;
				CLANG_ENABLE_OBJC_WEAK = YES;
				CLANG_WARN_BLOCK_CAPTURE_AUTORELEASING = YES;
				CLANG_WARN_BOOL_CONVERSION = YES;
				CLANG_WARN_COMMA = YES;
				CLANG_WARN_CONSTANT_CONVERSION = YES;
				CLANG_WARN_DEPRECATED_OBJC_IMPLEMENTATIONS = YES;
				CLANG_WARN_DIRECT_OBJC_ISA_USAGE = YES_ERROR;
				CLANG_WARN_DOCUMENTATION_COMMENTS = YES;
				CLANG_WARN_EMPTY_BODY = YES;
				CLANG_WARN_ENUM_CONVERSION = YES;
				CLANG_WARN_INFINITE_RECURSION = YES;
				CLANG_WARN_INT_CONVERSION = YES;
				CLANG_WARN_NON_LITERAL_NULL_CONVERSION = YES;
				CLANG_WARN_OBJC_IMPLICIT_RETAIN_SELF = YES;
				CLANG_WARN_OBJC_LITERAL_CONVERSION = YES;
				CLANG_WARN_OBJC_ROOT_CLASS = YES_ERROR;
				CLANG_WARN_QUOTED_INCLUDE_IN_FRAMEWORK_HEADER = YES;
				CLANG_WARN_RANGE_LOOP_ANALYSIS = YES;
				CLANG_WARN_STRICT_PROTOTYPES = YES;
				CLANG_WARN_SUSPICIOUS_MOVE = YES;
				CLANG_WARN_UNGUARDED_AVAILABILITY = YES_AGGRESSIVE;
				CLANG_WARN_UNREACHABLE_CODE = YES;
				CLANG_WARN__DUPLICATE_METHOD_MATCH = YES;
				COPY_PHASE_STRIP = NO;
				DEBUG_INFORMATION_FORMAT = dwarf;
				ENABLE_STRICT_OBJC_MSGSEND = YES;
				ENABLE_TESTABILITY = YES;
				GCC_C_LANGUAGE_STANDARD = gnu11;
				GCC_DYNAMIC_NO_PIC = NO;
				GCC_NO_COMMON_BLOCKS = YES;
				GCC_OPTIMIZATION_LEVEL = 0;
				GCC_PREPROCESSOR_DEFINITIONS = (
					"DEBUG=1",
					"$(inherited)",
				);
				GCC_WARN_64_TO_32_BIT_CONVERSION = YES;
				GCC_WARN_ABOUT_RETURN_TYPE = YES_ERROR;
				GCC_WARN_UNDECLARED_SELECTOR = YES;
				GCC_WARN_UNINITIALIZED_AUTOS = YES_AGGRESSIVE;
				GCC_WARN_UNUSED_FUNCTION = YES;
				GCC_WARN_UNUSED_VARIABLE = YES;
				IPHONEOS_DEPLOYMENT_TARGET = 16.4;
				MTL_ENABLE_DEBUG_INFO = INCLUDE_SOURCE;
				MTL_FAST_MATH = YES;
				ONLY_ACTIVE_ARCH = YES;
				SDKROOT = iphoneos;
				SWIFT_ACTIVE_COMPILATION_CONDITIONS = DEBUG;
				SWIFT_OPTIMIZATION_LEVEL = "-Onone";
			};
			name = Debug;
		};
		8214707C2A7A6D6F001D4F03 /* Release */ = {
			isa = XCBuildConfiguration;
			buildSettings = {
				ALWAYS_SEARCH_USER_PATHS = NO;
				CLANG_ANALYZER_NONNULL = YES;
				CLANG_ANALYZER_NUMBER_OBJECT_CONVERSION = YES_AGGRESSIVE;
				CLANG_CXX_LANGUAGE_STANDARD = "gnu++20";
				CLANG_ENABLE_MODULES = YES;
				CLANG_ENABLE_OBJC_ARC = YES;
				CLANG_ENABLE_OBJC_WEAK = YES;
				CLANG_WARN_BLOCK_CAPTURE_AUTORELEASING = YES;
				CLANG_WARN_BOOL_CONVERSION = YES;
				CLANG_WARN_COMMA = YES;
				CLANG_WARN_CONSTANT_CONVERSION = YES;
				CLANG_WARN_DEPRECATED_OBJC_IMPLEMENTATIONS = YES;
				CLANG_WARN_DIRECT_OBJC_ISA_USAGE = YES_ERROR;
				CLANG_WARN_DOCUMENTATION_COMMENTS = YES;
				CLANG_WARN_EMPTY_BODY = YES;
				CLANG_WARN_ENUM_CONVERSION = YES;
				CLANG_WARN_INFINITE_RECURSION = YES;
				CLANG_WARN_INT_CONVERSION = YES;
				CLANG_WARN_NON_LITERAL_NULL_CONVERSION = YES;
				CLANG_WARN_OBJC_IMPLICIT_RETAIN_SELF = YES;
				CLANG_WARN_OBJC_LITERAL_CONVERSION = YES;
				CLANG_WARN_OBJC_ROOT_CLASS = YES_ERROR;
				CLANG_WARN_QUOTED_INCLUDE_IN_FRAMEWORK_HEADER = YES;
				CLANG_WARN_RANGE_LOOP_ANALYSIS = YES;
				CLANG_WARN_STRICT_PROTOTYPES = YES;
				CLANG_WARN_SUSPICIOUS_MOVE = YES;
				CLANG_WARN_UNGUARDED_AVAILABILITY = YES_AGGRESSIVE;
				CLANG_WARN_UNREACHABLE_CODE = YES;
				CLANG_WARN__DUPLICATE_METHOD_MATCH = YES;
				COPY_PHASE_STRIP = NO;
				DEBUG_INFORMATION_FORMAT = "dwarf-with-dsym";
				ENABLE_NS_ASSERTIONS = NO;
				ENABLE_STRICT_OBJC_MSGSEND = YES;
				GCC_C_LANGUAGE_STANDARD = gnu11;
				GCC_NO_COMMON_BLOCKS = YES;
				GCC_WARN_64_TO_32_BIT_CONVERSION = YES;
				GCC_WARN_ABOUT_RETURN_TYPE = YES_ERROR;
				GCC_WARN_UNDECLARED_SELECTOR = YES;
				GCC_WARN_UNINITIALIZED_AUTOS = YES_AGGRESSIVE;
				GCC_WARN_UNUSED_FUNCTION = YES;
				GCC_WARN_UNUSED_VARIABLE = YES;
				IPHONEOS_DEPLOYMENT_TARGET = 16.4;
				MTL_ENABLE_DEBUG_INFO = NO;
				MTL_FAST_MATH = YES;
				SDKROOT = iphoneos;
				SWIFT_COMPILATION_MODE = wholemodule;
				SWIFT_OPTIMIZATION_LEVEL = "-O";
				VALIDATE_PRODUCT = YES;
			};
			name = Release;
		};
		8214707E2A7A6D6F001D4F03 /* Debug */ = {
			isa = XCBuildConfiguration;
			buildSettings = {
				ASSETCATALOG_COMPILER_APPICON_NAME = AppIcon;
				ASSETCATALOG_COMPILER_GLOBAL_ACCENT_COLOR_NAME = AccentColor;
				CODE_SIGN_STYLE = Automatic;
				CURRENT_PROJECT_VERSION = 1;
				DEVELOPMENT_TEAM = 3ZSTN83ADW;
				GENERATE_INFOPLIST_FILE = YES;
				INFOPLIST_FILE = "Learn and Practice Japanese/Info.plist";
				INFOPLIST_KEY_UIApplicationSupportsIndirectInputEvents = YES;
				INFOPLIST_KEY_UILaunchStoryboardName = LaunchScreen;
				INFOPLIST_KEY_UIMainStoryboardFile = Main;
				INFOPLIST_KEY_UISupportedInterfaceOrientations_iPad = "UIInterfaceOrientationPortrait UIInterfaceOrientationPortraitUpsideDown UIInterfaceOrientationLandscapeLeft UIInterfaceOrientationLandscapeRight";
				INFOPLIST_KEY_UISupportedInterfaceOrientations_iPhone = "UIInterfaceOrientationPortrait UIInterfaceOrientationLandscapeLeft UIInterfaceOrientationLandscapeRight";
				LD_RUNPATH_SEARCH_PATHS = (
					"$(inherited)",
					"@executable_path/Frameworks",
				);
				MARKETING_VERSION = 1.0;
				PRODUCT_BUNDLE_IDENTIFIER = "com.madeathome.Learn-and-Practice-Japanese";
				PRODUCT_NAME = "$(TARGET_NAME)";
				SWIFT_EMIT_LOC_STRINGS = YES;
				SWIFT_VERSION = 5.0;
				TARGETED_DEVICE_FAMILY = "1,2";
			};
			name = Debug;
		};
		8214707F2A7A6D6F001D4F03 /* Release */ = {
			isa = XCBuildConfiguration;
			buildSettings = {
				ASSETCATALOG_COMPILER_APPICON_NAME = AppIcon;
				ASSETCATALOG_COMPILER_GLOBAL_ACCENT_COLOR_NAME = AccentColor;
				CODE_SIGN_STYLE = Automatic;
				CURRENT_PROJECT_VERSION = 1;
				DEVELOPMENT_TEAM = 3ZSTN83ADW;
				GENERATE_INFOPLIST_FILE = YES;
				INFOPLIST_FILE = "Learn and Practice Japanese/Info.plist";
				INFOPLIST_KEY_UIApplicationSupportsIndirectInputEvents = YES;
				INFOPLIST_KEY_UILaunchStoryboardName = LaunchScreen;
				INFOPLIST_KEY_UIMainStoryboardFile = Main;
				INFOPLIST_KEY_UISupportedInterfaceOrientations_iPad = "UIInterfaceOrientationPortrait UIInterfaceOrientationPortraitUpsideDown UIInterfaceOrientationLandscapeLeft UIInterfaceOrientationLandscapeRight";
				INFOPLIST_KEY_UISupportedInterfaceOrientations_iPhone = "UIInterfaceOrientationPortrait UIInterfaceOrientationLandscapeLeft UIInterfaceOrientationLandscapeRight";
				LD_RUNPATH_SEARCH_PATHS = (
					"$(inherited)",
					"@executable_path/Frameworks",
				);
				MARKETING_VERSION = 1.0;
				PRODUCT_BUNDLE_IDENTIFIER = "com.madeathome.Learn-and-Practice-Japanese";
				PRODUCT_NAME = "$(TARGET_NAME)";
				SWIFT_EMIT_LOC_STRINGS = YES;
				SWIFT_VERSION = 5.0;
				TARGETED_DEVICE_FAMILY = "1,2";
			};
			name = Release;
		};
/* End XCBuildConfiguration section */

/* Begin XCConfigurationList section */
		821470612A7A6D6E001D4F03 /* Build configuration list for PBXProject "Learn and Practice Japanese" */ = {
			isa = XCConfigurationList;
			buildConfigurations = (
				8214707B2A7A6D6F001D4F03 /* Debug */,
				8214707C2A7A6D6F001D4F03 /* Release */,
			);
			defaultConfigurationIsVisible = 0;
			defaultConfigurationName = Release;
		};
		8214707D2A7A6D6F001D4F03 /* Build configuration list for PBXNativeTarget "Learn and Practice Japanese" */ = {
			isa = XCConfigurationList;
			buildConfigurations = (
				8214707E2A7A6D6F001D4F03 /* Debug */,
				8214707F2A7A6D6F001D4F03 /* Release */,
			);
			defaultConfigurationIsVisible = 0;
			defaultConfigurationName = Release;
		};
/* End XCConfigurationList section */

/* Begin XCVersionGroup section */
		821470722A7A6D6E001D4F03 /* Learn_and_Practice_Japanese.xcdatamodeld */ = {
			isa = XCVersionGroup;
			children = (
				821470732A7A6D6E001D4F03 /* Learn_and_Practice_Japanese.xcdatamodel */,
			);
			currentVersion = 821470732A7A6D6E001D4F03 /* Learn_and_Practice_Japanese.xcdatamodel */;
			path = Learn_and_Practice_Japanese.xcdatamodeld;
			sourceTree = "<group>";
			versionGroupType = wrapper.xcdatamodel;
		};
/* End XCVersionGroup section */
	};
	rootObject = 8214705E2A7A6D6E001D4F03 /* Project object */;
}
